# This is a Gradle generated file for dependency locking.
# Manual edits can break the build and are not advised.
# This file is expected to be part of source control.
ch.qos.logback:logback-classic:1.2.10=compileClasspath
ch.qos.logback:logback-core:1.2.10=compileClasspath
com.fasterxml.jackson.core:jackson-annotations:2.13.1=compileClasspath
com.fasterxml.jackson.core:jackson-core:2.13.1=compileClasspath
com.fasterxml.jackson.core:jackson-databind:2.13.1=compileClasspath
com.fasterxml.jackson.datatype:jackson-datatype-jdk8:2.13.1=compileClasspath
com.fasterxml.jackson.datatype:jackson-datatype-jsr310:2.13.1=compileClasspath
com.fasterxml.jackson.module:jackson-module-parameter-names:2.13.1=compileClasspath
com.fasterxml.jackson:jackson-bom:2.13.1=compileClasspath
io.swagger.codegen.v3:swagger-codegen-cli:3.0.33=swaggerCodegen
io.swagger.core.v3:swagger-annotations:2.1.13=compileClasspath
jakarta.annotation:jakarta.annotation-api:1.3.5=compileClasspath
org.apache.logging.log4j:log4j-api:2.17.1=compileClasspath
org.apache.logging.log4j:log4j-to-slf4j:2.17.1=compileClasspath
org.slf4j:jul-to-slf4j:1.7.36=compileClasspath
org.slf4j:slf4j-api:1.7.36=compileClasspath
org.springframework.boot:spring-boot-autoconfigure:2.6.4=compileClasspath
org.springframework.boot:spring-boot-starter-json:2.6.4=compileClasspath
org.springframework.boot:spring-boot-starter-logging:2.6.4=compileClasspath
org.springframework.boot:spring-boot-starter:2.6.4=compileClasspath
org.springframework.boot:spring-boot:2.6.4=compileClasspath
org.springframework:spring-aop:5.3.16=compileClasspath
org.springframework:spring-beans:5.3.16=compileClasspath
org.springframework:spring-context:5.3.16=compileClasspath
org.springframework:spring-core:5.3.16=compileClasspath
org.springframework:spring-expression:5.3.16=compileClasspath
org.springframework:spring-jcl:5.3.16=compileClasspath
org.springframework:spring-web:5.3.16=compileClasspath
org.yaml:snakeyaml:1.29=compileClasspath
empty=annotationProcessor,swaggerTemplate
